// !$*UTF8*$!
{
	archiveVersion = 1;
	classes = {
	};
	objectVersion = 46;
	objects = {

/* Begin PBXBuildFile section */
		15DDA16FA57E4D9B9E22BD6F /* libPods-MyLittleViewControllerTests.a in Frameworks */ = {isa = PBXBuildFile; fileRef = D89A5635DCDA4138AD8A8FEC /* libPods-MyLittleViewControllerTests.a */; };
		491AB16617FCA39C006F8E71 /* MLVCCollectionControllerSpec.m in Sources */ = {isa = PBXBuildFile; fileRef = 491AB16517FCA39C006F8E71 /* MLVCCollectionControllerSpec.m */; };
		4921D70F18045AA100BCF1C9 /* Pastry.m in Sources */ = {isa = PBXBuildFile; fileRef = 4921D70E18045AA100BCF1C9 /* Pastry.m */; };
		4921D71218045BD900BCF1C9 /* PastriesViewModel.m in Sources */ = {isa = PBXBuildFile; fileRef = 4921D71118045BD900BCF1C9 /* PastriesViewModel.m */; };
		4921D7151804638200BCF1C9 /* MLVCCollectionViewModel.m in Sources */ = {isa = PBXBuildFile; fileRef = 4921D7141804638200BCF1C9 /* MLVCCollectionViewModel.m */; };
		4921D71C1804702600BCF1C9 /* Pastry+TableViewAdapter.m in Sources */ = {isa = PBXBuildFile; fileRef = 4921D71A1804702600BCF1C9 /* Pastry+TableViewAdapter.m */; };
		4926A48917FF69F7000CDBCD /* MLVCTableViewController.m in Sources */ = {isa = PBXBuildFile; fileRef = 4926A48817FF69F7000CDBCD /* MLVCTableViewController.m */; };
		4926A49117FF8327000CDBCD /* MLVCTableViewControllerSpec.m in Sources */ = {isa = PBXBuildFile; fileRef = 4926A49017FF8327000CDBCD /* MLVCTableViewControllerSpec.m */; };
		4991C07C17FC5C420059DDA3 /* MLVCCollectionController.m in Sources */ = {isa = PBXBuildFile; fileRef = 4991C07B17FC5C420059DDA3 /* MLVCCollectionController.m */; };
		49C5620D17FB75AD00B6873C /* Foundation.framework in Frameworks */ = {isa = PBXBuildFile; fileRef = 49C5620C17FB75AD00B6873C /* Foundation.framework */; };
		49C5621217FB75AD00B6873C /* MyLittleViewController.h in CopyFiles */ = {isa = PBXBuildFile; fileRef = 49C5621117FB75AD00B6873C /* MyLittleViewController.h */; };
		49C5621B17FB75AD00B6873C /* XCTest.framework in Frameworks */ = {isa = PBXBuildFile; fileRef = 49C5621A17FB75AD00B6873C /* XCTest.framework */; };
		49C5621C17FB75AD00B6873C /* Foundation.framework in Frameworks */ = {isa = PBXBuildFile; fileRef = 49C5620C17FB75AD00B6873C /* Foundation.framework */; };
		49C5621E17FB75AD00B6873C /* UIKit.framework in Frameworks */ = {isa = PBXBuildFile; fileRef = 49C5621D17FB75AD00B6873C /* UIKit.framework */; };
		49C5622117FB75AD00B6873C /* libMyLittleViewController.a in Frameworks */ = {isa = PBXBuildFile; fileRef = 49C5620917FB75AD00B6873C /* libMyLittleViewController.a */; };
		49C5622717FB75AD00B6873C /* InfoPlist.strings in Resources */ = {isa = PBXBuildFile; fileRef = 49C5622517FB75AD00B6873C /* InfoPlist.strings */; };
		49C5623717FB799F00B6873C /* Foundation.framework in Frameworks */ = {isa = PBXBuildFile; fileRef = 49C5620C17FB75AD00B6873C /* Foundation.framework */; };
		49C5623917FB799F00B6873C /* CoreGraphics.framework in Frameworks */ = {isa = PBXBuildFile; fileRef = 49C5623817FB799F00B6873C /* CoreGraphics.framework */; };
		49C5623A17FB799F00B6873C /* UIKit.framework in Frameworks */ = {isa = PBXBuildFile; fileRef = 49C5621D17FB75AD00B6873C /* UIKit.framework */; };
		49C5624017FB799F00B6873C /* InfoPlist.strings in Resources */ = {isa = PBXBuildFile; fileRef = 49C5623E17FB799F00B6873C /* InfoPlist.strings */; };
		49C5624217FB799F00B6873C /* main.m in Sources */ = {isa = PBXBuildFile; fileRef = 49C5624117FB799F00B6873C /* main.m */; };
		49C5624617FB79A000B6873C /* AppDelegate.m in Sources */ = {isa = PBXBuildFile; fileRef = 49C5624517FB79A000B6873C /* AppDelegate.m */; };
		49C5624817FB79A000B6873C /* Images.xcassets in Resources */ = {isa = PBXBuildFile; fileRef = 49C5624717FB79A000B6873C /* Images.xcassets */; };
/* End PBXBuildFile section */

/* Begin PBXContainerItemProxy section */
		49C5621F17FB75AD00B6873C /* PBXContainerItemProxy */ = {
			isa = PBXContainerItemProxy;
			containerPortal = 49C5620117FB75AD00B6873C /* Project object */;
			proxyType = 1;
			remoteGlobalIDString = 49C5620817FB75AD00B6873C;
			remoteInfo = MyLittleViewController;
		};
		49C5626117FB79CF00B6873C /* PBXContainerItemProxy */ = {
			isa = PBXContainerItemProxy;
			containerPortal = 49C5620117FB75AD00B6873C /* Project object */;
			proxyType = 1;
			remoteGlobalIDString = 49C5623517FB799F00B6873C;
			remoteInfo = MyLittleViewControllerTestBundle;
		};
/* End PBXContainerItemProxy section */

/* Begin PBXCopyFilesBuildPhase section */
		49C5620717FB75AD00B6873C /* CopyFiles */ = {
			isa = PBXCopyFilesBuildPhase;
			buildActionMask = 2147483647;
			dstPath = "include/$(PRODUCT_NAME)";
			dstSubfolderSpec = 16;
			files = (
				49C5621217FB75AD00B6873C /* MyLittleViewController.h in CopyFiles */,
			);
			runOnlyForDeploymentPostprocessing = 0;
		};
/* End PBXCopyFilesBuildPhase section */

/* Begin PBXFileReference section */
		491AB16517FCA39C006F8E71 /* MLVCCollectionControllerSpec.m */ = {isa = PBXFileReference; fileEncoding = 4; lastKnownFileType = sourcecode.c.objc; path = MLVCCollectionControllerSpec.m; sourceTree = "<group>"; };
		4921D70D18045AA100BCF1C9 /* Pastry.h */ = {isa = PBXFileReference; fileEncoding = 4; lastKnownFileType = sourcecode.c.h; path = Pastry.h; sourceTree = "<group>"; };
		4921D70E18045AA100BCF1C9 /* Pastry.m */ = {isa = PBXFileReference; fileEncoding = 4; lastKnownFileType = sourcecode.c.objc; path = Pastry.m; sourceTree = "<group>"; };
		4921D71018045BD900BCF1C9 /* PastriesViewModel.h */ = {isa = PBXFileReference; fileEncoding = 4; lastKnownFileType = sourcecode.c.h; path = PastriesViewModel.h; sourceTree = "<group>"; };
		4921D71118045BD900BCF1C9 /* PastriesViewModel.m */ = {isa = PBXFileReference; fileEncoding = 4; lastKnownFileType = sourcecode.c.objc; path = PastriesViewModel.m; sourceTree = "<group>"; };
		4921D7131804638200BCF1C9 /* MLVCCollectionViewModel.h */ = {isa = PBXFileReference; fileEncoding = 4; lastKnownFileType = sourcecode.c.h; path = MLVCCollectionViewModel.h; sourceTree = "<group>"; };
		4921D7141804638200BCF1C9 /* MLVCCollectionViewModel.m */ = {isa = PBXFileReference; fileEncoding = 4; lastKnownFileType = sourcecode.c.objc; path = MLVCCollectionViewModel.m; sourceTree = "<group>"; };
		4921D7191804702600BCF1C9 /* Pastry+TableViewAdapter.h */ = {isa = PBXFileReference; fileEncoding = 4; lastKnownFileType = sourcecode.c.h; path = "Pastry+TableViewAdapter.h"; sourceTree = "<group>"; };
		4921D71A1804702600BCF1C9 /* Pastry+TableViewAdapter.m */ = {isa = PBXFileReference; fileEncoding = 4; lastKnownFileType = sourcecode.c.objc; path = "Pastry+TableViewAdapter.m"; sourceTree = "<group>"; };
		4926A48717FF69F7000CDBCD /* MLVCTableViewController.h */ = {isa = PBXFileReference; fileEncoding = 4; lastKnownFileType = sourcecode.c.h; path = MLVCTableViewController.h; sourceTree = "<group>"; };
		4926A48817FF69F7000CDBCD /* MLVCTableViewController.m */ = {isa = PBXFileReference; fileEncoding = 4; lastKnownFileType = sourcecode.c.objc; path = MLVCTableViewController.m; sourceTree = "<group>"; };
		4926A48F17FF7344000CDBCD /* MLVCTableViewCellAdapter.h */ = {isa = PBXFileReference; lastKnownFileType = sourcecode.c.h; path = MLVCTableViewCellAdapter.h; sourceTree = "<group>"; };
		4926A49017FF8327000CDBCD /* MLVCTableViewControllerSpec.m */ = {isa = PBXFileReference; fileEncoding = 4; lastKnownFileType = sourcecode.c.objc; path = MLVCTableViewControllerSpec.m; sourceTree = "<group>"; };
		4991C07917FC5B590059DDA3 /* MLVCCollectionController.h */ = {isa = PBXFileReference; lastKnownFileType = sourcecode.c.h; path = MLVCCollectionController.h; sourceTree = "<group>"; };
		4991C07B17FC5C420059DDA3 /* MLVCCollectionController.m */ = {isa = PBXFileReference; fileEncoding = 4; lastKnownFileType = sourcecode.c.objc; path = MLVCCollectionController.m; sourceTree = "<group>"; };
		49C5620917FB75AD00B6873C /* libMyLittleViewController.a */ = {isa = PBXFileReference; explicitFileType = archive.ar; includeInIndex = 0; path = libMyLittleViewController.a; sourceTree = BUILT_PRODUCTS_DIR; };
		49C5620C17FB75AD00B6873C /* Foundation.framework */ = {isa = PBXFileReference; lastKnownFileType = wrapper.framework; name = Foundation.framework; path = System/Library/Frameworks/Foundation.framework; sourceTree = SDKROOT; };
		49C5621017FB75AD00B6873C /* MyLittleViewController-Prefix.pch */ = {isa = PBXFileReference; lastKnownFileType = sourcecode.c.h; path = "MyLittleViewController-Prefix.pch"; sourceTree = "<group>"; };
		49C5621117FB75AD00B6873C /* MyLittleViewController.h */ = {isa = PBXFileReference; lastKnownFileType = sourcecode.c.h; path = MyLittleViewController.h; sourceTree = "<group>"; };
		49C5621917FB75AD00B6873C /* MyLittleViewControllerTests.xctest */ = {isa = PBXFileReference; explicitFileType = wrapper.cfbundle; includeInIndex = 0; path = MyLittleViewControllerTests.xctest; sourceTree = BUILT_PRODUCTS_DIR; };
		49C5621A17FB75AD00B6873C /* XCTest.framework */ = {isa = PBXFileReference; lastKnownFileType = wrapper.framework; name = XCTest.framework; path = Library/Frameworks/XCTest.framework; sourceTree = DEVELOPER_DIR; };
		49C5621D17FB75AD00B6873C /* UIKit.framework */ = {isa = PBXFileReference; lastKnownFileType = wrapper.framework; name = UIKit.framework; path = Library/Frameworks/UIKit.framework; sourceTree = DEVELOPER_DIR; };
		49C5622417FB75AD00B6873C /* MyLittleViewControllerTests-Info.plist */ = {isa = PBXFileReference; lastKnownFileType = text.plist.xml; path = "MyLittleViewControllerTests-Info.plist"; sourceTree = "<group>"; };
		49C5622617FB75AD00B6873C /* en */ = {isa = PBXFileReference; lastKnownFileType = text.plist.strings; name = en; path = en.lproj/InfoPlist.strings; sourceTree = "<group>"; };
		49C5623617FB799F00B6873C /* MyLittleViewControllerTestBundle.app */ = {isa = PBXFileReference; explicitFileType = wrapper.application; includeInIndex = 0; path = MyLittleViewControllerTestBundle.app; sourceTree = BUILT_PRODUCTS_DIR; };
		49C5623817FB799F00B6873C /* CoreGraphics.framework */ = {isa = PBXFileReference; lastKnownFileType = wrapper.framework; name = CoreGraphics.framework; path = System/Library/Frameworks/CoreGraphics.framework; sourceTree = SDKROOT; };
		49C5623D17FB799F00B6873C /* MyLittleViewControllerTestBundle-Info.plist */ = {isa = PBXFileReference; lastKnownFileType = text.plist.xml; path = "MyLittleViewControllerTestBundle-Info.plist"; sourceTree = "<group>"; };
		49C5623F17FB799F00B6873C /* en */ = {isa = PBXFileReference; lastKnownFileType = text.plist.strings; name = en; path = en.lproj/InfoPlist.strings; sourceTree = "<group>"; };
		49C5624117FB799F00B6873C /* main.m */ = {isa = PBXFileReference; lastKnownFileType = sourcecode.c.objc; path = main.m; sourceTree = "<group>"; };
		49C5624317FB79A000B6873C /* MyLittleViewControllerTestBundle-Prefix.pch */ = {isa = PBXFileReference; lastKnownFileType = sourcecode.c.h; path = "MyLittleViewControllerTestBundle-Prefix.pch"; sourceTree = "<group>"; };
		49C5624417FB79A000B6873C /* AppDelegate.h */ = {isa = PBXFileReference; lastKnownFileType = sourcecode.c.h; path = AppDelegate.h; sourceTree = "<group>"; };
		49C5624517FB79A000B6873C /* AppDelegate.m */ = {isa = PBXFileReference; lastKnownFileType = sourcecode.c.objc; path = AppDelegate.m; sourceTree = "<group>"; };
		49C5624717FB79A000B6873C /* Images.xcassets */ = {isa = PBXFileReference; lastKnownFileType = folder.assetcatalog; path = Images.xcassets; sourceTree = "<group>"; };
		6A62193EF4094589B5B3D760 /* Pods-MyLittleViewControllerTests.xcconfig */ = {isa = PBXFileReference; includeInIndex = 1; lastKnownFileType = text.xcconfig; name = "Pods-MyLittleViewControllerTests.xcconfig"; path = "Pods/Pods-MyLittleViewControllerTests.xcconfig"; sourceTree = "<group>"; };
		D89A5635DCDA4138AD8A8FEC /* libPods-MyLittleViewControllerTests.a */ = {isa = PBXFileReference; explicitFileType = archive.ar; includeInIndex = 0; path = "libPods-MyLittleViewControllerTests.a"; sourceTree = BUILT_PRODUCTS_DIR; };
/* End PBXFileReference section */

/* Begin PBXFrameworksBuildPhase section */
		49C5620617FB75AD00B6873C /* Frameworks */ = {
			isa = PBXFrameworksBuildPhase;
			buildActionMask = 2147483647;
			files = (
				49C5620D17FB75AD00B6873C /* Foundation.framework in Frameworks */,
			);
			runOnlyForDeploymentPostprocessing = 0;
		};
		49C5621617FB75AD00B6873C /* Frameworks */ = {
			isa = PBXFrameworksBuildPhase;
			buildActionMask = 2147483647;
			files = (
				49C5622117FB75AD00B6873C /* libMyLittleViewController.a in Frameworks */,
				49C5621B17FB75AD00B6873C /* XCTest.framework in Frameworks */,
				49C5621E17FB75AD00B6873C /* UIKit.framework in Frameworks */,
				49C5621C17FB75AD00B6873C /* Foundation.framework in Frameworks */,
				15DDA16FA57E4D9B9E22BD6F /* libPods-MyLittleViewControllerTests.a in Frameworks */,
			);
			runOnlyForDeploymentPostprocessing = 0;
		};
		49C5623317FB799F00B6873C /* Frameworks */ = {
			isa = PBXFrameworksBuildPhase;
			buildActionMask = 2147483647;
			files = (
				49C5623917FB799F00B6873C /* CoreGraphics.framework in Frameworks */,
				49C5623A17FB799F00B6873C /* UIKit.framework in Frameworks */,
				49C5623717FB799F00B6873C /* Foundation.framework in Frameworks */,
			);
			runOnlyForDeploymentPostprocessing = 0;
		};
/* End PBXFrameworksBuildPhase section */

/* Begin PBXGroup section */
		4926A48617FF69CE000CDBCD /* Table View Controller */ = {
			isa = PBXGroup;
			children = (
				4926A48717FF69F7000CDBCD /* MLVCTableViewController.h */,
				4926A48817FF69F7000CDBCD /* MLVCTableViewController.m */,
				4926A48F17FF7344000CDBCD /* MLVCTableViewCellAdapter.h */,
			);
			name = "Table View Controller";
			sourceTree = "<group>";
		};
		4926A48A17FF6A8B000CDBCD /* Collections */ = {
			isa = PBXGroup;
			children = (
				4991C07917FC5B590059DDA3 /* MLVCCollectionController.h */,
				4991C07B17FC5C420059DDA3 /* MLVCCollectionController.m */,
				4921D7131804638200BCF1C9 /* MLVCCollectionViewModel.h */,
				4921D7141804638200BCF1C9 /* MLVCCollectionViewModel.m */,
			);
			name = Collections;
			sourceTree = "<group>";
		};
		4926A49217FF84C0000CDBCD /* Sweet Confection */ = {
			isa = PBXGroup;
			children = (
				4921D70D18045AA100BCF1C9 /* Pastry.h */,
				4921D70E18045AA100BCF1C9 /* Pastry.m */,
				4921D71018045BD900BCF1C9 /* PastriesViewModel.h */,
				4921D71118045BD900BCF1C9 /* PastriesViewModel.m */,
				4921D7191804702600BCF1C9 /* Pastry+TableViewAdapter.h */,
				4921D71A1804702600BCF1C9 /* Pastry+TableViewAdapter.m */,
			);
			name = "Sweet Confection";
			sourceTree = "<group>";
		};
		49C5620017FB75AD00B6873C = {
			isa = PBXGroup;
			children = (
				49C5620E17FB75AD00B6873C /* MyLittleViewController */,
				49C5622217FB75AD00B6873C /* MyLittleViewControllerTests */,
				49C5623B17FB799F00B6873C /* MyLittleViewControllerTestBundle */,
				49C5620B17FB75AD00B6873C /* Frameworks */,
				49C5620A17FB75AD00B6873C /* Products */,
				6A62193EF4094589B5B3D760 /* Pods-MyLittleViewControllerTests.xcconfig */,
			);
			sourceTree = "<group>";
		};
		49C5620A17FB75AD00B6873C /* Products */ = {
			isa = PBXGroup;
			children = (
				49C5620917FB75AD00B6873C /* libMyLittleViewController.a */,
				49C5621917FB75AD00B6873C /* MyLittleViewControllerTests.xctest */,
				49C5623617FB799F00B6873C /* MyLittleViewControllerTestBundle.app */,
			);
			name = Products;
			sourceTree = "<group>";
		};
		49C5620B17FB75AD00B6873C /* Frameworks */ = {
			isa = PBXGroup;
			children = (
				49C5620C17FB75AD00B6873C /* Foundation.framework */,
				49C5621A17FB75AD00B6873C /* XCTest.framework */,
				49C5621D17FB75AD00B6873C /* UIKit.framework */,
				49C5623817FB799F00B6873C /* CoreGraphics.framework */,
				D89A5635DCDA4138AD8A8FEC /* libPods-MyLittleViewControllerTests.a */,
			);
			name = Frameworks;
			sourceTree = "<group>";
		};
		49C5620E17FB75AD00B6873C /* MyLittleViewController */ = {
			isa = PBXGroup;
			children = (
				4926A48A17FF6A8B000CDBCD /* Collections */,
				4926A48617FF69CE000CDBCD /* Table View Controller */,
				49C5621117FB75AD00B6873C /* MyLittleViewController.h */,
				49C5620F17FB75AD00B6873C /* Supporting Files */,
			);
			path = MyLittleViewController;
			sourceTree = "<group>";
		};
		49C5620F17FB75AD00B6873C /* Supporting Files */ = {
			isa = PBXGroup;
			children = (
				49C5621017FB75AD00B6873C /* MyLittleViewController-Prefix.pch */,
			);
			name = "Supporting Files";
			sourceTree = "<group>";
		};
		49C5622217FB75AD00B6873C /* MyLittleViewControllerTests */ = {
			isa = PBXGroup;
			children = (
				4926A49217FF84C0000CDBCD /* Sweet Confection */,
				49C5622317FB75AD00B6873C /* Supporting Files */,
				491AB16517FCA39C006F8E71 /* MLVCCollectionControllerSpec.m */,
				4926A49017FF8327000CDBCD /* MLVCTableViewControllerSpec.m */,
			);
			path = MyLittleViewControllerTests;
			sourceTree = "<group>";
		};
		49C5622317FB75AD00B6873C /* Supporting Files */ = {
			isa = PBXGroup;
			children = (
				49C5622417FB75AD00B6873C /* MyLittleViewControllerTests-Info.plist */,
				49C5622517FB75AD00B6873C /* InfoPlist.strings */,
			);
			name = "Supporting Files";
			sourceTree = "<group>";
		};
		49C5623B17FB799F00B6873C /* MyLittleViewControllerTestBundle */ = {
			isa = PBXGroup;
			children = (
				49C5624417FB79A000B6873C /* AppDelegate.h */,
				49C5624517FB79A000B6873C /* AppDelegate.m */,
				49C5624717FB79A000B6873C /* Images.xcassets */,
				49C5623C17FB799F00B6873C /* Supporting Files */,
			);
			path = MyLittleViewControllerTestBundle;
			sourceTree = "<group>";
		};
		49C5623C17FB799F00B6873C /* Supporting Files */ = {
			isa = PBXGroup;
			children = (
				49C5623D17FB799F00B6873C /* MyLittleViewControllerTestBundle-Info.plist */,
				49C5623E17FB799F00B6873C /* InfoPlist.strings */,
				49C5624117FB799F00B6873C /* main.m */,
				49C5624317FB79A000B6873C /* MyLittleViewControllerTestBundle-Prefix.pch */,
			);
			name = "Supporting Files";
			sourceTree = "<group>";
		};
/* End PBXGroup section */

/* Begin PBXNativeTarget section */
		49C5620817FB75AD00B6873C /* MyLittleViewController */ = {
			isa = PBXNativeTarget;
			buildConfigurationList = 49C5622C17FB75AD00B6873C /* Build configuration list for PBXNativeTarget "MyLittleViewController" */;
			buildPhases = (
				49C5620517FB75AD00B6873C /* Sources */,
				49C5620617FB75AD00B6873C /* Frameworks */,
				49C5620717FB75AD00B6873C /* CopyFiles */,
			);
			buildRules = (
			);
			dependencies = (
			);
			name = MyLittleViewController;
			productName = MyLittleViewController;
			productReference = 49C5620917FB75AD00B6873C /* libMyLittleViewController.a */;
			productType = "com.apple.product-type.library.static";
		};
		49C5621817FB75AD00B6873C /* MyLittleViewControllerTests */ = {
			isa = PBXNativeTarget;
			buildConfigurationList = 49C5622F17FB75AD00B6873C /* Build configuration list for PBXNativeTarget "MyLittleViewControllerTests" */;
			buildPhases = (
				0C7F71A88F4C4CFC96571E2A /* Check Pods Manifest.lock */,
				49C5621517FB75AD00B6873C /* Sources */,
				49C5621617FB75AD00B6873C /* Frameworks */,
				49C5621717FB75AD00B6873C /* Resources */,
				5DB1DD52FE1F4AADAE27FF9B /* Copy Pods Resources */,
			);
			buildRules = (
			);
			dependencies = (
				49C5626217FB79CF00B6873C /* PBXTargetDependency */,
				49C5622017FB75AD00B6873C /* PBXTargetDependency */,
			);
			name = MyLittleViewControllerTests;
			productName = MyLittleViewControllerTests;
			productReference = 49C5621917FB75AD00B6873C /* MyLittleViewControllerTests.xctest */;
			productType = "com.apple.product-type.bundle.unit-test";
		};
		49C5623517FB799F00B6873C /* MyLittleViewControllerTestBundle */ = {
			isa = PBXNativeTarget;
			buildConfigurationList = 49C5625F17FB79A000B6873C /* Build configuration list for PBXNativeTarget "MyLittleViewControllerTestBundle" */;
			buildPhases = (
				49C5623217FB799F00B6873C /* Sources */,
				49C5623317FB799F00B6873C /* Frameworks */,
				49C5623417FB799F00B6873C /* Resources */,
			);
			buildRules = (
			);
			dependencies = (
			);
			name = MyLittleViewControllerTestBundle;
			productName = MyLittleViewControllerTestBundle;
			productReference = 49C5623617FB799F00B6873C /* MyLittleViewControllerTestBundle.app */;
			productType = "com.apple.product-type.application";
		};
/* End PBXNativeTarget section */

/* Begin PBXProject section */
		49C5620117FB75AD00B6873C /* Project object */ = {
			isa = PBXProject;
			attributes = {
				CLASSPREFIX = MLVC;
				LastUpgradeCheck = 0500;
				ORGANIZATIONNAME = Instructure;
				TargetAttributes = {
					49C5621817FB75AD00B6873C = {
						TestTargetID = 49C5623517FB799F00B6873C;
					};
				};
			};
			buildConfigurationList = 49C5620417FB75AD00B6873C /* Build configuration list for PBXProject "MyLittleViewController" */;
			compatibilityVersion = "Xcode 3.2";
			developmentRegion = English;
			hasScannedForEncodings = 0;
			knownRegions = (
				en,
			);
			mainGroup = 49C5620017FB75AD00B6873C;
			productRefGroup = 49C5620A17FB75AD00B6873C /* Products */;
			projectDirPath = "";
			projectRoot = "";
			targets = (
				49C5620817FB75AD00B6873C /* MyLittleViewController */,
				49C5621817FB75AD00B6873C /* MyLittleViewControllerTests */,
				49C5623517FB799F00B6873C /* MyLittleViewControllerTestBundle */,
			);
		};
/* End PBXProject section */

/* Begin PBXResourcesBuildPhase section */
		49C5621717FB75AD00B6873C /* Resources */ = {
			isa = PBXResourcesBuildPhase;
			buildActionMask = 2147483647;
			files = (
				49C5622717FB75AD00B6873C /* InfoPlist.strings in Resources */,
			);
			runOnlyForDeploymentPostprocessing = 0;
		};
		49C5623417FB799F00B6873C /* Resources */ = {
			isa = PBXResourcesBuildPhase;
			buildActionMask = 2147483647;
			files = (
				49C5624017FB799F00B6873C /* InfoPlist.strings in Resources */,
				49C5624817FB79A000B6873C /* Images.xcassets in Resources */,
			);
			runOnlyForDeploymentPostprocessing = 0;
		};
/* End PBXResourcesBuildPhase section */

/* Begin PBXShellScriptBuildPhase section */
		0C7F71A88F4C4CFC96571E2A /* Check Pods Manifest.lock */ = {
			isa = PBXShellScriptBuildPhase;
			buildActionMask = 2147483647;
			files = (
			);
			inputPaths = (
			);
			name = "Check Pods Manifest.lock";
			outputPaths = (
			);
			runOnlyForDeploymentPostprocessing = 0;
			shellPath = /bin/sh;
			shellScript = "diff \"${PODS_ROOT}/../Podfile.lock\" \"${PODS_ROOT}/Manifest.lock\" > /dev/null\nif [[ $? != 0 ]] ; then\n    cat << EOM\nerror: The sandbox is not in sync with the Podfile.lock. Run 'pod install' or update your CocoaPods installation.\nEOM\n    exit 1\nfi\n";
			showEnvVarsInLog = 0;
		};
		5DB1DD52FE1F4AADAE27FF9B /* Copy Pods Resources */ = {
			isa = PBXShellScriptBuildPhase;
			buildActionMask = 2147483647;
			files = (
			);
			inputPaths = (
			);
			name = "Copy Pods Resources";
			outputPaths = (
			);
			runOnlyForDeploymentPostprocessing = 0;
			shellPath = /bin/sh;
			shellScript = "\"${SRCROOT}/Pods/Pods-MyLittleViewControllerTests-resources.sh\"\n";
			showEnvVarsInLog = 0;
		};
/* End PBXShellScriptBuildPhase section */

/* Begin PBXSourcesBuildPhase section */
		49C5620517FB75AD00B6873C /* Sources */ = {
			isa = PBXSourcesBuildPhase;
			buildActionMask = 2147483647;
			files = (
				4991C07C17FC5C420059DDA3 /* MLVCCollectionController.m in Sources */,
				4926A48917FF69F7000CDBCD /* MLVCTableViewController.m in Sources */,
				4921D7151804638200BCF1C9 /* MLVCCollectionViewModel.m in Sources */,
			);
			runOnlyForDeploymentPostprocessing = 0;
		};
		49C5621517FB75AD00B6873C /* Sources */ = {
			isa = PBXSourcesBuildPhase;
			buildActionMask = 2147483647;
			files = (
				4921D71218045BD900BCF1C9 /* PastriesViewModel.m in Sources */,
				4926A49117FF8327000CDBCD /* MLVCTableViewControllerSpec.m in Sources */,
				4921D70F18045AA100BCF1C9 /* Pastry.m in Sources */,
				491AB16617FCA39C006F8E71 /* MLVCCollectionControllerSpec.m in Sources */,
				4921D71C1804702600BCF1C9 /* Pastry+TableViewAdapter.m in Sources */,
			);
			runOnlyForDeploymentPostprocessing = 0;
		};
		49C5623217FB799F00B6873C /* Sources */ = {
			isa = PBXSourcesBuildPhase;
			buildActionMask = 2147483647;
			files = (
				49C5624617FB79A000B6873C /* AppDelegate.m in Sources */,
				49C5624217FB799F00B6873C /* main.m in Sources */,
			);
			runOnlyForDeploymentPostprocessing = 0;
		};
/* End PBXSourcesBuildPhase section */

/* Begin PBXTargetDependency section */
		49C5622017FB75AD00B6873C /* PBXTargetDependency */ = {
			isa = PBXTargetDependency;
			target = 49C5620817FB75AD00B6873C /* MyLittleViewController */;
			targetProxy = 49C5621F17FB75AD00B6873C /* PBXContainerItemProxy */;
		};
		49C5626217FB79CF00B6873C /* PBXTargetDependency */ = {
			isa = PBXTargetDependency;
			target = 49C5623517FB799F00B6873C /* MyLittleViewControllerTestBundle */;
			targetProxy = 49C5626117FB79CF00B6873C /* PBXContainerItemProxy */;
		};
/* End PBXTargetDependency section */

/* Begin PBXVariantGroup section */
		49C5622517FB75AD00B6873C /* InfoPlist.strings */ = {
			isa = PBXVariantGroup;
			children = (
				49C5622617FB75AD00B6873C /* en */,
			);
			name = InfoPlist.strings;
			sourceTree = "<group>";
		};
		49C5623E17FB799F00B6873C /* InfoPlist.strings */ = {
			isa = PBXVariantGroup;
			children = (
				49C5623F17FB799F00B6873C /* en */,
			);
			name = InfoPlist.strings;
			sourceTree = "<group>";
		};
/* End PBXVariantGroup section */

/* Begin XCBuildConfiguration section */
		49C5622A17FB75AD00B6873C /* Debug */ = {
			isa = XCBuildConfiguration;
			buildSettings = {
				ALWAYS_SEARCH_USER_PATHS = NO;
				ARCHS = "$(ARCHS_STANDARD_INCLUDING_64_BIT)";
				CLANG_CXX_LANGUAGE_STANDARD = "gnu++0x";
				CLANG_CXX_LIBRARY = "libc++";
				CLANG_ENABLE_MODULES = YES;
				CLANG_ENABLE_OBJC_ARC = YES;
				CLANG_WARN_BOOL_CONVERSION = YES;
				CLANG_WARN_CONSTANT_CONVERSION = YES;
				CLANG_WARN_DIRECT_OBJC_ISA_USAGE = YES_ERROR;
				CLANG_WARN_EMPTY_BODY = YES;
				CLANG_WARN_ENUM_CONVERSION = YES;
				CLANG_WARN_INT_CONVERSION = YES;
				CLANG_WARN_OBJC_ROOT_CLASS = YES_ERROR;
				CLANG_WARN__DUPLICATE_METHOD_MATCH = YES;
				COPY_PHASE_STRIP = NO;
				GCC_C_LANGUAGE_STANDARD = gnu99;
				GCC_DYNAMIC_NO_PIC = NO;
				GCC_OPTIMIZATION_LEVEL = 0;
				GCC_PREPROCESSOR_DEFINITIONS = (
					"DEBUG=1",
					"$(inherited)",
				);
				GCC_SYMBOLS_PRIVATE_EXTERN = NO;
				GCC_WARN_64_TO_32_BIT_CONVERSION = YES;
				GCC_WARN_ABOUT_RETURN_TYPE = YES_ERROR;
				GCC_WARN_UNDECLARED_SELECTOR = YES;
				GCC_WARN_UNINITIALIZED_AUTOS = YES;
				GCC_WARN_UNUSED_FUNCTION = YES;
				GCC_WARN_UNUSED_VARIABLE = YES;
				IPHONEOS_DEPLOYMENT_TARGET = 7.0;
				ONLY_ACTIVE_ARCH = YES;
				SDKROOT = iphoneos;
			};
			name = Debug;
		};
		49C5622B17FB75AD00B6873C /* Release */ = {
			isa = XCBuildConfiguration;
			buildSettings = {
				ALWAYS_SEARCH_USER_PATHS = NO;
				ARCHS = "$(ARCHS_STANDARD_INCLUDING_64_BIT)";
				CLANG_CXX_LANGUAGE_STANDARD = "gnu++0x";
				CLANG_CXX_LIBRARY = "libc++";
				CLANG_ENABLE_MODULES = YES;
				CLANG_ENABLE_OBJC_ARC = YES;
				CLANG_WARN_BOOL_CONVERSION = YES;
				CLANG_WARN_CONSTANT_CONVERSION = YES;
				CLANG_WARN_DIRECT_OBJC_ISA_USAGE = YES_ERROR;
				CLANG_WARN_EMPTY_BODY = YES;
				CLANG_WARN_ENUM_CONVERSION = YES;
				CLANG_WARN_INT_CONVERSION = YES;
				CLANG_WARN_OBJC_ROOT_CLASS = YES_ERROR;
				CLANG_WARN__DUPLICATE_METHOD_MATCH = YES;
				COPY_PHASE_STRIP = YES;
				ENABLE_NS_ASSERTIONS = NO;
				GCC_C_LANGUAGE_STANDARD = gnu99;
				GCC_WARN_64_TO_32_BIT_CONVERSION = YES;
				GCC_WARN_ABOUT_RETURN_TYPE = YES_ERROR;
				GCC_WARN_UNDECLARED_SELECTOR = YES;
				GCC_WARN_UNINITIALIZED_AUTOS = YES;
				GCC_WARN_UNUSED_FUNCTION = YES;
				GCC_WARN_UNUSED_VARIABLE = YES;
				IPHONEOS_DEPLOYMENT_TARGET = 7.0;
				SDKROOT = iphoneos;
				VALIDATE_PRODUCT = YES;
			};
			name = Release;
		};
		49C5622D17FB75AD00B6873C /* Debug */ = {
			isa = XCBuildConfiguration;
			buildSettings = {
				DSTROOT = /tmp/MyLittleViewController.dst;
				GCC_PRECOMPILE_PREFIX_HEADER = YES;
				GCC_PREFIX_HEADER = "MyLittleViewController/MyLittleViewController-Prefix.pch";
				OTHER_LDFLAGS = "-ObjC";
				PRODUCT_NAME = "$(TARGET_NAME)";
				SKIP_INSTALL = YES;
			};
			name = Debug;
		};
		49C5622E17FB75AD00B6873C /* Release */ = {
			isa = XCBuildConfiguration;
			buildSettings = {
				DSTROOT = /tmp/MyLittleViewController.dst;
				GCC_PRECOMPILE_PREFIX_HEADER = YES;
				GCC_PREFIX_HEADER = "MyLittleViewController/MyLittleViewController-Prefix.pch";
				OTHER_LDFLAGS = "-ObjC";
				PRODUCT_NAME = "$(TARGET_NAME)";
				SKIP_INSTALL = YES;
			};
			name = Release;
		};
		49C5623017FB75AD00B6873C /* Debug */ = {
			isa = XCBuildConfiguration;
			baseConfigurationReference = 6A62193EF4094589B5B3D760 /* Pods-MyLittleViewControllerTests.xcconfig */;
			buildSettings = {
				ARCHS = "$(ARCHS_STANDARD_INCLUDING_64_BIT)";
				BUNDLE_LOADER = "$(BUILT_PRODUCTS_DIR)/MyLittleViewControllerTestBundle.app/MyLittleViewControllerTestBundle";
				FRAMEWORK_SEARCH_PATHS = (
					"$(SDKROOT)/Developer/Library/Frameworks",
					"$(inherited)",
					"$(DEVELOPER_FRAMEWORKS_DIR)",
				);
				GCC_PRECOMPILE_PREFIX_HEADER = YES;
				GCC_PREFIX_HEADER = "MyLittleViewController/MyLittleViewController-Prefix.pch";
				GCC_PREPROCESSOR_DEFINITIONS = (
					"DEBUG=1",
					"$(inherited)",
				);
				INFOPLIST_FILE = "MyLittleViewControllerTests/MyLittleViewControllerTests-Info.plist";
				PRODUCT_NAME = "$(TARGET_NAME)";
				TEST_HOST = "$(BUNDLE_LOADER)";
				WRAPPER_EXTENSION = xctest;
			};
			name = Debug;
		};
		49C5623117FB75AD00B6873C /* Release */ = {
			isa = XCBuildConfiguration;
			baseConfigurationReference = 6A62193EF4094589B5B3D760 /* Pods-MyLittleViewControllerTests.xcconfig */;
			buildSettings = {
				ARCHS = "$(ARCHS_STANDARD_INCLUDING_64_BIT)";
				BUNDLE_LOADER = "$(BUILT_PRODUCTS_DIR)/MyLittleViewControllerTestBundle.app/MyLittleViewControllerTestBundle";
				FRAMEWORK_SEARCH_PATHS = (
					"$(SDKROOT)/Developer/Library/Frameworks",
					"$(inherited)",
					"$(DEVELOPER_FRAMEWORKS_DIR)",
				);
				GCC_PRECOMPILE_PREFIX_HEADER = YES;
				GCC_PREFIX_HEADER = "MyLittleViewController/MyLittleViewController-Prefix.pch";
				INFOPLIST_FILE = "MyLittleViewControllerTests/MyLittleViewControllerTests-Info.plist";
				PRODUCT_NAME = "$(TARGET_NAME)";
				TEST_HOST = "$(BUNDLE_LOADER)";
				WRAPPER_EXTENSION = xctest;
			};
			name = Release;
		};
		49C5625B17FB79A000B6873C /* Debug */ = {
			isa = XCBuildConfiguration;
			buildSettings = {
				ARCHS = "$(ARCHS_STANDARD_INCLUDING_64_BIT)";
				ASSETCATALOG_COMPILER_APPICON_NAME = AppIcon;
				ASSETCATALOG_COMPILER_LAUNCHIMAGE_NAME = LaunchImage;
				"CODE_SIGN_IDENTITY[sdk=iphoneos*]" = "iPhone Developer";
				FRAMEWORK_SEARCH_PATHS = (
					"$(inherited)",
					"$(DEVELOPER_FRAMEWORKS_DIR)",
				);
				GCC_PRECOMPILE_PREFIX_HEADER = YES;
				GCC_PREFIX_HEADER = "MyLittleViewControllerTestBundle/MyLittleViewControllerTestBundle-Prefix.pch";
				GCC_PREPROCESSOR_DEFINITIONS = (
					"DEBUG=1",
					"$(inherited)",
				);
				INFOPLIST_FILE = "MyLittleViewControllerTestBundle/MyLittleViewControllerTestBundle-Info.plist";
				PRODUCT_NAME = "$(TARGET_NAME)";
				TARGETED_DEVICE_FAMILY = "1,2";
				WRAPPER_EXTENSION = app;
			};
			name = Debug;
		};
		49C5625C17FB79A000B6873C /* Release */ = {
			isa = XCBuildConfiguration;
			buildSettings = {
				ARCHS = "$(ARCHS_STANDARD_INCLUDING_64_BIT)";
				ASSETCATALOG_COMPILER_APPICON_NAME = AppIcon;
				ASSETCATALOG_COMPILER_LAUNCHIMAGE_NAME = LaunchImage;
				"CODE_SIGN_IDENTITY[sdk=iphoneos*]" = "iPhone Developer";
				FRAMEWORK_SEARCH_PATHS = (
					"$(inherited)",
					"$(DEVELOPER_FRAMEWORKS_DIR)",
				);
				GCC_PRECOMPILE_PREFIX_HEADER = YES;
				GCC_PREFIX_HEADER = "MyLittleViewControllerTestBundle/MyLittleViewControllerTestBundle-Prefix.pch";
				INFOPLIST_FILE = "MyLittleViewControllerTestBundle/MyLittleViewControllerTestBundle-Info.plist";
				PRODUCT_NAME = "$(TARGET_NAME)";
				TARGETED_DEVICE_FAMILY = "1,2";
				WRAPPER_EXTENSION = app;
			};
			name = Release;
		};
/* End XCBuildConfiguration section */

/* Begin XCConfigurationList section */
		49C5620417FB75AD00B6873C /* Build configuration list for PBXProject "MyLittleViewController" */ = {
			isa = XCConfigurationList;
			buildConfigurations = (
				49C5622A17FB75AD00B6873C /* Debug */,
				49C5622B17FB75AD00B6873C /* Release */,
			);
			defaultConfigurationIsVisible = 0;
			defaultConfigurationName = Release;
		};
		49C5622C17FB75AD00B6873C /* Build configuration list for PBXNativeTarget "MyLittleViewController" */ = {
			isa = XCConfigurationList;
			buildConfigurations = (
				49C5622D17FB75AD00B6873C /* Debug */,
				49C5622E17FB75AD00B6873C /* Release */,
			);
			defaultConfigurationIsVisible = 0;
			defaultConfigurationName = Release;
		};
		49C5622F17FB75AD00B6873C /* Build configuration list for PBXNativeTarget "MyLittleViewControllerTests" */ = {
			isa = XCConfigurationList;
			buildConfigurations = (
				49C5623017FB75AD00B6873C /* Debug */,
				49C5623117FB75AD00B6873C /* Release */,
			);
			defaultConfigurationIsVisible = 0;
			defaultConfigurationName = Release;
		};
		49C5625F17FB79A000B6873C /* Build configuration list for PBXNativeTarget "MyLittleViewControllerTestBundle" */ = {
			isa = XCConfigurationList;
			buildConfigurations = (
				49C5625B17FB79A000B6873C /* Debug */,
				49C5625C17FB79A000B6873C /* Release */,
			);
			defaultConfigurationIsVisible = 0;
			defaultConfigurationName = Release;
		};
/* End XCConfigurationList section */
	};
	rootObject = 49C5620117FB75AD00B6873C /* Project object */;
}
